
Microsoft Visual Studio Solution File, Format Version 12.00
# Visual Studio Version 17
VisualStudioVersion = 17.8.34330.188
MinimumVisualStudioVersion = 10.0.40219.1
Project("{FAE04EC0-301F-11D3-BF4B-00C04F79EFBC}") = "DungeonMaster", "DungeonMaster\DungeonMaster.csproj", "{53D3124F-43F1-4FF1-9294-A4CCED141CBE}"
EndProject
Project("{FAE04EC0-301F-11D3-BF4B-00C04F79EFBC}") = "DungeonFloorLib", "DungeonFloorLib\DungeonFloorLib.csproj", "{AE969E27-0777-4502-93EE-9BC0244913EA}"
EndProject
Global
	GlobalSection(SolutionConfigurationPlatforms) = preSolution
		Debug|Any CPU = Debug|Any CPU
		Release|Any CPU = Release|Any CPU
	EndGlobalSection
	GlobalSection(ProjectConfigurationPlatforms) = postSolution
		{53D3124F-43F1-4FF1-9294-A4CCED141CBE}.Debug|Any CPU.ActiveCfg = Debug|Any CPU
		{53D3124F-43F1-4FF1-9294-A4CCED141CBE}.Debug|Any CPU.Build.0 = Debug|Any CPU
		{53D3124F-43F1-4FF1-9294-A4CCED141CBE}.Release|Any CPU.ActiveCfg = Release|Any CPU
		{53D3124F-43F1-4FF1-9294-A4CCED141CBE}.Release|Any CPU.Build.0 = Release|Any CPU
		{AE969E27-0777-4502-93EE-9BC0244913EA}.Debug|Any CPU.ActiveCfg = Debug|Any CPU
		{AE969E27-0777-4502-93EE-9BC0244913EA}.Debug|Any CPU.Build.0 = Debug|Any CPU
		{AE969E27-0777-4502-93EE-9BC0244913EA}.Release|Any CPU.ActiveCfg = Release|Any CPU
		{AE969E27-0777-4502-93EE-9BC0244913EA}.Release|Any CPU.Build.0 = Release|Any CPU
	EndGlobalSection
	GlobalSection(SolutionProperties) = preSolution
		HideSolutionNode = FALSE
	EndGlobalSection
	GlobalSection(ExtensibilityGlobals) = postSolution
		SolutionGuid = {E87B3F60-C507-4DF8-B84F-AC0239210E36}
	EndGlobalSection
EndGlobal
